
Microsoft Visual Studio Solution File, Format Version 12.00
# Visual Studio Version 17
VisualStudioVersion = 17.4.33213.308
MinimumVisualStudioVersion = 10.0.40219.1
Project("{FAE04EC0-301F-11D3-BF4B-00C04F79EFBC}") = "Compiladores1", "Compiladores1\Compiladores1.csproj", "{BBB0C452-2104-45DD-B122-BB06CCBCAA35}"
EndProject
Global
	GlobalSection(SolutionConfigurationPlatforms) = preSolution
		Debug|Any CPU = Debug|Any CPU
		Release|Any CPU = Release|Any CPU
	EndGlobalSection
	GlobalSection(ProjectConfigurationPlatforms) = postSolution
		{BBB0C452-2104-45DD-B122-BB06CCBCAA35}.Debug|Any CPU.ActiveCfg = Debug|Any CPU
		{BBB0C452-2104-45DD-B122-BB06CCBCAA35}.Debug|Any CPU.Build.0 = Debug|Any CPU
		{BBB0C452-2104-45DD-B122-BB06CCBCAA35}.Release|Any CPU.ActiveCfg = Release|Any CPU
		{BBB0C452-2104-45DD-B122-BB06CCBCAA35}.Release|Any CPU.Build.0 = Release|Any CPU
	EndGlobalSection
	GlobalSection(SolutionProperties) = preSolution
		HideSolutionNode = FALSE
	EndGlobalSection
	GlobalSection(ExtensibilityGlobals) = postSolution
		SolutionGuid = {93808282-0642-4026-9656-93ED9D2C42A0}
	EndGlobalSection
EndGlobal
